
Microsoft Visual Studio Solution File, Format Version 12.00
# Visual Studio 15
VisualStudioVersion = 15.0.27703.2000
MinimumVisualStudioVersion = 10.0.40219.1
Project("{2150E333-8FDC-42A3-9474-1A3956D46DE8}") = "NewFolder1", "NewFolder1", "{4C216DC4-E0C1-4ADC-8B0D-8B198049215E}"
	ProjectSection(SolutionItems) = preProject
		TextFile2.txt = TextFile2.txt
	EndProjectSection
EndProject
Global
	GlobalSection(SolutionProperties) = preSolution
		HideSolutionNode = FALSE
	EndGlobalSection
	GlobalSection(ExtensibilityGlobals) = postSolution
		SolutionGuid = {D5C4FF7C-9E70-411D-88D1-7BA408494275}
	EndGlobalSection
EndGlobal
